// !$*UTF8*$!
{
	archiveVersion = 1;
	classes = {
	};
	objectVersion = 55;
	objects = {

/* Begin PBXBuildFile section */
		003A790B251B0AA541AEE626 /* Configuration.plist in Resources */ = {isa = PBXBuildFile; fileRef = FC73A6A5E312125312D029C6 /* Configuration.plist */; };
		0A04A4127CA50B0117A83AF2 /* FirebaseAnalytics in Frameworks */ = {isa = PBXBuildFile; productRef = 4FD20BDE33692602CCCDACB7 /* FirebaseAnalytics */; };
		0C34CA1E8450468B5175AE05 /* Domain.framework in Embed Frameworks */ = {isa = PBXBuildFile; fileRef = A612A7C42D6C20E9A40DC10A /* Domain.framework */; settings = {ATTRIBUTES = (CodeSignOnCopy, RemoveHeadersOnCopy, ); }; };
		0E0FEA2946834083B6F5E880 /* Alamofire in Frameworks */ = {isa = PBXBuildFile; productRef = 90BF4128E6828519BA1700E0 /* Alamofire */; };
		1495894857D751284A8443B3 /* Presentation.framework in Frameworks */ = {isa = PBXBuildFile; fileRef = 487FE65FF11700AD91952518 /* Presentation.framework */; };
		149FC64AF08C08B93533940E /* Domain.framework in Frameworks */ = {isa = PBXBuildFile; fileRef = A612A7C42D6C20E9A40DC10A /* Domain.framework */; };
		18188696917CA500815149B0 /* UpdateOpenAIConfigurationUseCase.swift in Sources */ = {isa = PBXBuildFile; fileRef = EC6CEAB133CF91EFB1E892EB /* UpdateOpenAIConfigurationUseCase.swift */; };
		192C565A3C184A6D9DE551F6 /* CalendarView.swift in Sources */ = {isa = PBXBuildFile; fileRef = B5A3B6728CFBAD61E5ECD150 /* CalendarView.swift */; };
		1DB5CE816768A4DA2220603C /* Presentation.framework in Embed Frameworks */ = {isa = PBXBuildFile; fileRef = 487FE65FF11700AD91952518 /* Presentation.framework */; settings = {ATTRIBUTES = (CodeSignOnCopy, RemoveHeadersOnCopy, ); }; };
		1EE743612DBEC6556FA30FDC /* Domain.framework in Frameworks */ = {isa = PBXBuildFile; fileRef = A612A7C42D6C20E9A40DC10A /* Domain.framework */; };
		279C1DA4902DE4DDE2242960 /* MainTabView.swift in Sources */ = {isa = PBXBuildFile; fileRef = A4335D633EA1C8BFBCC10CF1 /* MainTabView.swift */; };
		2FC23B8A8405B1D5D9A448AC /* DiaryViewModel.swift in Sources */ = {isa = PBXBuildFile; fileRef = E703636DE83ACF29EDF0B845 /* DiaryViewModel.swift */; };
		36F596937526CEB2E5432D29 /* OpenAIRepositoryProtocol.swift in Sources */ = {isa = PBXBuildFile; fileRef = 8E22CF55590AFB1D366F3039 /* OpenAIRepositoryProtocol.swift */; };
		423EBE6B796320BDD49E648E /* OpenAIConfiguration.swift in Sources */ = {isa = PBXBuildFile; fileRef = C8A55159970F718C6DCF6AE6 /* OpenAIConfiguration.swift */; };
		4BC9AF53EB84413D6980BAF5 /* HowAboutNow.entitlements in Resources */ = {isa = PBXBuildFile; fileRef = 52AC725FD6FD234D040CB101 /* HowAboutNow.entitlements */; };
		4C4EE08FE1FB49988D1B0192 /* EmotionIcon.swift in Sources */ = {isa = PBXBuildFile; fileRef = 6BE55DFEE793E97A0D5AA3E5 /* EmotionIcon.swift */; };
		4E2C1643C6D0C52763992A61 /* FetchDiaryUseCase.swift in Sources */ = {isa = PBXBuildFile; fileRef = 8BBABEF713338B42B6EF5BDF /* FetchDiaryUseCase.swift */; };
		55CEFDB32A361AE7040595DE /* DiaryAnalysis.swift in Sources */ = {isa = PBXBuildFile; fileRef = 196DEE775B1623D82FBD1739 /* DiaryAnalysis.swift */; };
		56942D45E440352F0FFB1D6E /* Configuration.template.plist in Resources */ = {isa = PBXBuildFile; fileRef = AD68B3C499E58E43A3E313B8 /* Configuration.template.plist */; };
		588B1B620E50EEFB3643FA4A /* NetworkService.swift in Sources */ = {isa = PBXBuildFile; fileRef = DC85AA0179C36978D2E32FA0 /* NetworkService.swift */; };
		58D280E0FC8C0F0902425CD1 /* FirestoreRepository.swift in Sources */ = {isa = PBXBuildFile; fileRef = 3640611CCA04A3776FF0B993 /* FirestoreRepository.swift */; };
		5E25221C4548F51A4038655B /* FirebaseFirestore in Frameworks */ = {isa = PBXBuildFile; productRef = D85A01C8B045A48D6377E2C8 /* FirebaseFirestore */; };
		6C8CFF1133ECBA9E7D635750 /* SplashViewModel.swift in Sources */ = {isa = PBXBuildFile; fileRef = 99F52926C90DB48DF33B87E1 /* SplashViewModel.swift */; };
		6CD8222A0D28E3F31481F50C /* Domain.framework in Frameworks */ = {isa = PBXBuildFile; fileRef = A612A7C42D6C20E9A40DC10A /* Domain.framework */; };
		7254262B285264415235B1B1 /* FirestoreService.swift in Sources */ = {isa = PBXBuildFile; fileRef = 1D2AF4CD95BB448AF170E21A /* FirestoreService.swift */; };
		7634837ADB44AB198E8F6B7E /* Localizable.xcstrings in Resources */ = {isa = PBXBuildFile; fileRef = 6FEEB52B16D6EBD0F58FA022 /* Localizable.xcstrings */; };
		7B4417C4F2B5237215A42CAC /* Data.framework in Frameworks */ = {isa = PBXBuildFile; fileRef = 0314B61D9C0E9B752695B0ED /* Data.framework */; };
		8011D2D2DC187AC605F9C718 /* OpenAIConfigurationResponse.swift in Sources */ = {isa = PBXBuildFile; fileRef = F81612D4F4D894A4C11DA715 /* OpenAIConfigurationResponse.swift */; };
		83131BA1C447B1FD9A42B7D9 /* DIContainer.swift in Sources */ = {isa = PBXBuildFile; fileRef = 81C39BBD4D22AB2B3CA65C61 /* DIContainer.swift */; };
		838D697CB1E94011D92832A2 /* UpdateDiaryUseCase.swift in Sources */ = {isa = PBXBuildFile; fileRef = 77AC3CD1971C03F2534C951D /* UpdateDiaryUseCase.swift */; };
		851128630050771D1AADF5B9 /* DiaryDetailView.swift in Sources */ = {isa = PBXBuildFile; fileRef = 114B48836A619BEB854AE682 /* DiaryDetailView.swift */; };
		8663A927E2E0B8E068FB9CA8 /* SplashView.swift in Sources */ = {isa = PBXBuildFile; fileRef = 2B0D56751F0F1DB661CDEC9C /* SplashView.swift */; };
		8CDF38DE682CFBB49B0E139B /* DeleteDiaryUseCase.swift in Sources */ = {isa = PBXBuildFile; fileRef = BF4621A85C6AC41C54E11B10 /* DeleteDiaryUseCase.swift */; };
		8CF26FF7BB65F0F877D82BA7 /* TuistPlists+HowAboutNow.swift in Sources */ = {isa = PBXBuildFile; fileRef = 743636B12172AFFD46817F51 /* TuistPlists+HowAboutNow.swift */; };
		9AB3F21BBBE5C4EB6D8FA106 /* OpenAIRequest.swift in Sources */ = {isa = PBXBuildFile; fileRef = A144892142D069B12DB1B1F7 /* OpenAIRequest.swift */; };
		A1E792FEE5F67F01D71A86A1 /* ConfigurationManager.swift in Sources */ = {isa = PBXBuildFile; fileRef = AFAB21318C3CAF6748765527 /* ConfigurationManager.swift */; };
		A2B8DE951170F510CCE274F3 /* DiaryEditorViewModel.swift in Sources */ = {isa = PBXBuildFile; fileRef = 84A63448B3E5B7DF2744F661 /* DiaryEditorViewModel.swift */; };
		A50B6D402ECC3148BA9BBCA8 /* Diary.swift in Sources */ = {isa = PBXBuildFile; fileRef = 80F755A8E11CA4F7A76F06EF /* Diary.swift */; };
		AA871DEA3F132A5EAF550D7F /* OpenAIResponse.swift in Sources */ = {isa = PBXBuildFile; fileRef = 305B0DCDE2619DD4C51C6937 /* OpenAIResponse.swift */; };
		AE4220A895202313DD90F029 /* AddDiaryUseCase.swift in Sources */ = {isa = PBXBuildFile; fileRef = F785F1B5651CE314321762CA /* AddDiaryUseCase.swift */; };
		AF4ED3B1BC63F3061018CF44 /* FloatingActionButton.swift in Sources */ = {isa = PBXBuildFile; fileRef = FE1684802F282323C01DA7B1 /* FloatingActionButton.swift */; };
		B12C368BDB10B9D0398AF140 /* View+Keyboard.swift in Sources */ = {isa = PBXBuildFile; fileRef = A109B9DCBC3FA47262336D4E /* View+Keyboard.swift */; };
		B39F7D02F9ACCDE40A4E7767 /* DiaryRepositoryProtocol.swift in Sources */ = {isa = PBXBuildFile; fileRef = D4D063E29ED1F46E1EF272AD /* DiaryRepositoryProtocol.swift */; };
		B4C08FDAE870734BE23CF073 /* ErrorView.swift in Sources */ = {isa = PBXBuildFile; fileRef = 8C2D779D160A8E164E4EF453 /* ErrorView.swift */; };
		B4D8FDC1F2DCC937C7431797 /* EmptyStateView.swift in Sources */ = {isa = PBXBuildFile; fileRef = 511147E3A5878FFCF0A93696 /* EmptyStateView.swift */; };
		BDB19196886836D71BA0CA5D /* AnalysisDiaryUseCase.swift in Sources */ = {isa = PBXBuildFile; fileRef = 1D347C8D0D8B924F02909AC0 /* AnalysisDiaryUseCase.swift */; };
		BDB2D28992E84257B1438E41 /* TuistBundle+HowAboutNow.swift in Sources */ = {isa = PBXBuildFile; fileRef = DD3947BC8C5C117E2FB9ED50 /* TuistBundle+HowAboutNow.swift */; };
		C10CDC09A15CFB8844E473C4 /* HowAboutNowApp.swift in Sources */ = {isa = PBXBuildFile; fileRef = 0005D74FC91600ACEF41D551 /* HowAboutNowApp.swift */; };
		C22C9D1822A9AA8B06802BE8 /* OpenAIService.swift in Sources */ = {isa = PBXBuildFile; fileRef = 5FDE881CAA57408C05723B22 /* OpenAIService.swift */; };
		C3C751B604D3D62A7D823D77 /* DIContainerProtocol.swift in Sources */ = {isa = PBXBuildFile; fileRef = 0A57D9981B352595A8E80DA8 /* DIContainerProtocol.swift */; };
		C5A7BC79C056FD6A5022F3A9 /* Assets.xcassets in Resources */ = {isa = PBXBuildFile; fileRef = FB65F8FE973BC1E4726A8E5A /* Assets.xcassets */; };
		C6D7170C5E28B99C5FF90EBB /* GoogleService-Info.plist in Resources */ = {isa = PBXBuildFile; fileRef = B098A9CCDC67446C3AEB5BE3 /* GoogleService-Info.plist */; };
		CD400218794F521CA9A44C45 /* DiaryCardView.swift in Sources */ = {isa = PBXBuildFile; fileRef = DFE11B836A5C97E66B250C73 /* DiaryCardView.swift */; };
		D8CA25CDC6BCE3DCC42C919E /* Data.framework in Embed Frameworks */ = {isa = PBXBuildFile; fileRef = 0314B61D9C0E9B752695B0ED /* Data.framework */; settings = {ATTRIBUTES = (CodeSignOnCopy, RemoveHeadersOnCopy, ); }; };
		DF1C22FE468C6F0529A89676 /* StorageService.swift in Sources */ = {isa = PBXBuildFile; fileRef = D939424482D60E5E6B0758F1 /* StorageService.swift */; };
		DF6D7EC1B56D0A20A44CCF7D /* DiaryView.swift in Sources */ = {isa = PBXBuildFile; fileRef = 6A59CB62BF00563816A379C1 /* DiaryView.swift */; };
		E1E88608C9E9596C7ACC97E0 /* DeleteConfirmationAlert.swift in Sources */ = {isa = PBXBuildFile; fileRef = 81AB542A357E1537267DF128 /* DeleteConfirmationAlert.swift */; };
		E2F07A9DA14727DFF18FE6A7 /* Logger.swift in Sources */ = {isa = PBXBuildFile; fileRef = 807BE2EF8A0AA4654F7E741A /* Logger.swift */; };
		E96F94A535C4372F14235C36 /* DiaryEditorView.swift in Sources */ = {isa = PBXBuildFile; fileRef = 94BE32E2EF1718EAF4492723 /* DiaryEditorView.swift */; };
		E9E2B116A3DC52ECDCAAC16F /* OpenAIEndpoint.swift in Sources */ = {isa = PBXBuildFile; fileRef = AF5A3165C42D9B7E4E35FEEF /* OpenAIEndpoint.swift */; };
		EB6AB68A60C82846F3A72826 /* OpenAIRepository.swift in Sources */ = {isa = PBXBuildFile; fileRef = 74A1AA29FCD8F694DA693C8B /* OpenAIRepository.swift */; };
		EB8184C3E5BD65592C61A50E /* FirebaseCrashlytics in Frameworks */ = {isa = PBXBuildFile; productRef = 620D68098BB503E4DFEB8CC1 /* FirebaseCrashlytics */; };
		ECEF1EE5ABF56AFDE9AEC7D4 /* DiaryRepository.swift in Sources */ = {isa = PBXBuildFile; fileRef = 5471E8CF3AEC732D52F93285 /* DiaryRepository.swift */; };
		F3BE928899E39F982EBB8846 /* FetchOpenAIConfigurationUseCase.swift in Sources */ = {isa = PBXBuildFile; fileRef = B37629591843A42117E66252 /* FetchOpenAIConfigurationUseCase.swift */; };
		F5E3E813327FD37CE94633CD /* TuistAssets+HowAboutNow.swift in Sources */ = {isa = PBXBuildFile; fileRef = 29D14B44856F39843935F8DC /* TuistAssets+HowAboutNow.swift */; };
		FA2BCF2B6D5CB8EDA0EC24E6 /* FirestoreRepositoryProtocol.swift in Sources */ = {isa = PBXBuildFile; fileRef = 1436E8FEF992EB12AF4DBB5A /* FirestoreRepositoryProtocol.swift */; };
		FAFE4F80E6C6EA7FA54EF5D0 /* AnalysisResponse.swift in Sources */ = {isa = PBXBuildFile; fileRef = 554E350936BE3ED34FB5444D /* AnalysisResponse.swift */; };
		FE6E1941E1E20534CBEEDF85 /* SettingsView.swift in Sources */ = {isa = PBXBuildFile; fileRef = 4231A19CA9659EE53A6F5E85 /* SettingsView.swift */; };
/* End PBXBuildFile section */

/* Begin PBXContainerItemProxy section */
		3587BD71069108652C20B966 /* PBXContainerItemProxy */ = {
			isa = PBXContainerItemProxy;
			containerPortal = A556E638B63C4160CFD291A1 /* Project object */;
			proxyType = 1;
			remoteGlobalIDString = 1FFA422CE0719EC6F615A393;
			remoteInfo = Domain;
		};
		63283481ECAA0C284D6B0C2C /* PBXContainerItemProxy */ = {
			isa = PBXContainerItemProxy;
			containerPortal = A556E638B63C4160CFD291A1 /* Project object */;
			proxyType = 1;
			remoteGlobalIDString = 7416D6775D55D94F4C5ECD2A;
			remoteInfo = Data;
		};
		689F4ACD6BF292B0DB3437AC /* PBXContainerItemProxy */ = {
			isa = PBXContainerItemProxy;
			containerPortal = A556E638B63C4160CFD291A1 /* Project object */;
			proxyType = 1;
			remoteGlobalIDString = 9C4F9C4F75CF46C60B87A052;
			remoteInfo = Presentation;
		};
		6ECE12A00F778DBB9CE08FA2 /* PBXContainerItemProxy */ = {
			isa = PBXContainerItemProxy;
			containerPortal = A556E638B63C4160CFD291A1 /* Project object */;
			proxyType = 1;
			remoteGlobalIDString = 1FFA422CE0719EC6F615A393;
			remoteInfo = Domain;
		};
		A2CE6CB3EBEE8C83CF724137 /* PBXContainerItemProxy */ = {
			isa = PBXContainerItemProxy;
			containerPortal = A556E638B63C4160CFD291A1 /* Project object */;
			proxyType = 1;
			remoteGlobalIDString = 1FFA422CE0719EC6F615A393;
			remoteInfo = Domain;
		};
/* End PBXContainerItemProxy section */

/* Begin PBXCopyFilesBuildPhase section */
		67BA790DE884EB614156615C /* Embed Frameworks */ = {
			isa = PBXCopyFilesBuildPhase;
			buildActionMask = 2147483647;
			dstPath = "";
			dstSubfolderSpec = 10;
			files = (
				D8CA25CDC6BCE3DCC42C919E /* Data.framework in Embed Frameworks */,
				0C34CA1E8450468B5175AE05 /* Domain.framework in Embed Frameworks */,
				1DB5CE816768A4DA2220603C /* Presentation.framework in Embed Frameworks */,
			);
			name = "Embed Frameworks";
			runOnlyForDeploymentPostprocessing = 0;
		};
		6EBF6348479BE0EFD986917E /* Embed Frameworks */ = {
			isa = PBXCopyFilesBuildPhase;
			buildActionMask = 2147483647;
			dstPath = "";
			dstSubfolderSpec = 10;
			files = (
			);
			name = "Embed Frameworks";
			runOnlyForDeploymentPostprocessing = 0;
		};
		9D0006EAA8A40BF0FBBB7A08 /* Embed Frameworks */ = {
			isa = PBXCopyFilesBuildPhase;
			buildActionMask = 2147483647;
			dstPath = "";
			dstSubfolderSpec = 10;
			files = (
			);
			name = "Embed Frameworks";
			runOnlyForDeploymentPostprocessing = 0;
		};
		BBA108564D21BDE3F0684894 /* Embed Frameworks */ = {
			isa = PBXCopyFilesBuildPhase;
			buildActionMask = 2147483647;
			dstPath = "";
			dstSubfolderSpec = 10;
			files = (
			);
			name = "Embed Frameworks";
			runOnlyForDeploymentPostprocessing = 0;
		};
/* End PBXCopyFilesBuildPhase section */

/* Begin PBXFileReference section */
		0005D74FC91600ACEF41D551 /* HowAboutNowApp.swift */ = {isa = PBXFileReference; lastKnownFileType = sourcecode.swift; path = HowAboutNowApp.swift; sourceTree = "<group>"; };
		0314B61D9C0E9B752695B0ED /* Data.framework */ = {isa = PBXFileReference; explicitFileType = wrapper.framework; includeInIndex = 0; path = Data.framework; sourceTree = BUILT_PRODUCTS_DIR; };
		0A57D9981B352595A8E80DA8 /* DIContainerProtocol.swift */ = {isa = PBXFileReference; lastKnownFileType = sourcecode.swift; path = DIContainerProtocol.swift; sourceTree = "<group>"; };
		114B48836A619BEB854AE682 /* DiaryDetailView.swift */ = {isa = PBXFileReference; lastKnownFileType = sourcecode.swift; path = DiaryDetailView.swift; sourceTree = "<group>"; };
		1436E8FEF992EB12AF4DBB5A /* FirestoreRepositoryProtocol.swift */ = {isa = PBXFileReference; lastKnownFileType = sourcecode.swift; path = FirestoreRepositoryProtocol.swift; sourceTree = "<group>"; };
		196DEE775B1623D82FBD1739 /* DiaryAnalysis.swift */ = {isa = PBXFileReference; lastKnownFileType = sourcecode.swift; path = DiaryAnalysis.swift; sourceTree = "<group>"; };
		1D2AF4CD95BB448AF170E21A /* FirestoreService.swift */ = {isa = PBXFileReference; lastKnownFileType = sourcecode.swift; path = FirestoreService.swift; sourceTree = "<group>"; };
		1D347C8D0D8B924F02909AC0 /* AnalysisDiaryUseCase.swift */ = {isa = PBXFileReference; lastKnownFileType = sourcecode.swift; path = AnalysisDiaryUseCase.swift; sourceTree = "<group>"; };
		29D14B44856F39843935F8DC /* TuistAssets+HowAboutNow.swift */ = {isa = PBXFileReference; lastKnownFileType = sourcecode.swift; path = "TuistAssets+HowAboutNow.swift"; sourceTree = "<group>"; };
		2B0D56751F0F1DB661CDEC9C /* SplashView.swift */ = {isa = PBXFileReference; lastKnownFileType = sourcecode.swift; path = SplashView.swift; sourceTree = "<group>"; };
		300EB610D129B2D1F53796D6 /* HowAboutNow.app */ = {isa = PBXFileReference; explicitFileType = wrapper.application; includeInIndex = 0; path = HowAboutNow.app; sourceTree = BUILT_PRODUCTS_DIR; };
		305B0DCDE2619DD4C51C6937 /* OpenAIResponse.swift */ = {isa = PBXFileReference; lastKnownFileType = sourcecode.swift; path = OpenAIResponse.swift; sourceTree = "<group>"; };
		3640611CCA04A3776FF0B993 /* FirestoreRepository.swift */ = {isa = PBXFileReference; lastKnownFileType = sourcecode.swift; path = FirestoreRepository.swift; sourceTree = "<group>"; };
		4231A19CA9659EE53A6F5E85 /* SettingsView.swift */ = {isa = PBXFileReference; lastKnownFileType = sourcecode.swift; path = SettingsView.swift; sourceTree = "<group>"; };
		487FE65FF11700AD91952518 /* Presentation.framework */ = {isa = PBXFileReference; explicitFileType = wrapper.framework; includeInIndex = 0; path = Presentation.framework; sourceTree = BUILT_PRODUCTS_DIR; };
		511147E3A5878FFCF0A93696 /* EmptyStateView.swift */ = {isa = PBXFileReference; lastKnownFileType = sourcecode.swift; path = EmptyStateView.swift; sourceTree = "<group>"; };
		52AC725FD6FD234D040CB101 /* HowAboutNow.entitlements */ = {isa = PBXFileReference; lastKnownFileType = text.plist.entitlements; path = HowAboutNow.entitlements; sourceTree = "<group>"; };
		5471E8CF3AEC732D52F93285 /* DiaryRepository.swift */ = {isa = PBXFileReference; lastKnownFileType = sourcecode.swift; path = DiaryRepository.swift; sourceTree = "<group>"; };
		554E350936BE3ED34FB5444D /* AnalysisResponse.swift */ = {isa = PBXFileReference; lastKnownFileType = sourcecode.swift; path = AnalysisResponse.swift; sourceTree = "<group>"; };
		5FDE881CAA57408C05723B22 /* OpenAIService.swift */ = {isa = PBXFileReference; lastKnownFileType = sourcecode.swift; path = OpenAIService.swift; sourceTree = "<group>"; };
		6A59CB62BF00563816A379C1 /* DiaryView.swift */ = {isa = PBXFileReference; lastKnownFileType = sourcecode.swift; path = DiaryView.swift; sourceTree = "<group>"; };
		6BE55DFEE793E97A0D5AA3E5 /* EmotionIcon.swift */ = {isa = PBXFileReference; lastKnownFileType = sourcecode.swift; path = EmotionIcon.swift; sourceTree = "<group>"; };
		6FEEB52B16D6EBD0F58FA022 /* Localizable.xcstrings */ = {isa = PBXFileReference; path = Localizable.xcstrings; sourceTree = "<group>"; };
		743636B12172AFFD46817F51 /* TuistPlists+HowAboutNow.swift */ = {isa = PBXFileReference; lastKnownFileType = sourcecode.swift; path = "TuistPlists+HowAboutNow.swift"; sourceTree = "<group>"; };
		74A1AA29FCD8F694DA693C8B /* OpenAIRepository.swift */ = {isa = PBXFileReference; lastKnownFileType = sourcecode.swift; path = OpenAIRepository.swift; sourceTree = "<group>"; };
		77AC3CD1971C03F2534C951D /* UpdateDiaryUseCase.swift */ = {isa = PBXFileReference; lastKnownFileType = sourcecode.swift; path = UpdateDiaryUseCase.swift; sourceTree = "<group>"; };
		807BE2EF8A0AA4654F7E741A /* Logger.swift */ = {isa = PBXFileReference; lastKnownFileType = sourcecode.swift; path = Logger.swift; sourceTree = "<group>"; };
		80F755A8E11CA4F7A76F06EF /* Diary.swift */ = {isa = PBXFileReference; lastKnownFileType = sourcecode.swift; path = Diary.swift; sourceTree = "<group>"; };
		81AB542A357E1537267DF128 /* DeleteConfirmationAlert.swift */ = {isa = PBXFileReference; lastKnownFileType = sourcecode.swift; path = DeleteConfirmationAlert.swift; sourceTree = "<group>"; };
		81C39BBD4D22AB2B3CA65C61 /* DIContainer.swift */ = {isa = PBXFileReference; lastKnownFileType = sourcecode.swift; path = DIContainer.swift; sourceTree = "<group>"; };
		84A63448B3E5B7DF2744F661 /* DiaryEditorViewModel.swift */ = {isa = PBXFileReference; lastKnownFileType = sourcecode.swift; path = DiaryEditorViewModel.swift; sourceTree = "<group>"; };
		8BBABEF713338B42B6EF5BDF /* FetchDiaryUseCase.swift */ = {isa = PBXFileReference; lastKnownFileType = sourcecode.swift; path = FetchDiaryUseCase.swift; sourceTree = "<group>"; };
		8C2D779D160A8E164E4EF453 /* ErrorView.swift */ = {isa = PBXFileReference; lastKnownFileType = sourcecode.swift; path = ErrorView.swift; sourceTree = "<group>"; };
		8D33B07C88C5B649DCC92852 /* Data-Info.plist */ = {isa = PBXFileReference; lastKnownFileType = text.plist; path = "Data-Info.plist"; sourceTree = "<group>"; };
		8E22CF55590AFB1D366F3039 /* OpenAIRepositoryProtocol.swift */ = {isa = PBXFileReference; lastKnownFileType = sourcecode.swift; path = OpenAIRepositoryProtocol.swift; sourceTree = "<group>"; };
		94BE32E2EF1718EAF4492723 /* DiaryEditorView.swift */ = {isa = PBXFileReference; lastKnownFileType = sourcecode.swift; path = DiaryEditorView.swift; sourceTree = "<group>"; };
		950120CAA8D2D43E5CBD0987 /* Domain-Info.plist */ = {isa = PBXFileReference; lastKnownFileType = text.plist; path = "Domain-Info.plist"; sourceTree = "<group>"; };
		99F52926C90DB48DF33B87E1 /* SplashViewModel.swift */ = {isa = PBXFileReference; lastKnownFileType = sourcecode.swift; path = SplashViewModel.swift; sourceTree = "<group>"; };
		A109B9DCBC3FA47262336D4E /* View+Keyboard.swift */ = {isa = PBXFileReference; lastKnownFileType = sourcecode.swift; path = "View+Keyboard.swift"; sourceTree = "<group>"; };
		A144892142D069B12DB1B1F7 /* OpenAIRequest.swift */ = {isa = PBXFileReference; lastKnownFileType = sourcecode.swift; path = OpenAIRequest.swift; sourceTree = "<group>"; };
		A4335D633EA1C8BFBCC10CF1 /* MainTabView.swift */ = {isa = PBXFileReference; lastKnownFileType = sourcecode.swift; path = MainTabView.swift; sourceTree = "<group>"; };
		A612A7C42D6C20E9A40DC10A /* Domain.framework */ = {isa = PBXFileReference; explicitFileType = wrapper.framework; includeInIndex = 0; path = Domain.framework; sourceTree = BUILT_PRODUCTS_DIR; };
		AD68B3C499E58E43A3E313B8 /* Configuration.template.plist */ = {isa = PBXFileReference; lastKnownFileType = text.plist; path = Configuration.template.plist; sourceTree = "<group>"; };
		AF5A3165C42D9B7E4E35FEEF /* OpenAIEndpoint.swift */ = {isa = PBXFileReference; lastKnownFileType = sourcecode.swift; path = OpenAIEndpoint.swift; sourceTree = "<group>"; };
		AFAB21318C3CAF6748765527 /* ConfigurationManager.swift */ = {isa = PBXFileReference; lastKnownFileType = sourcecode.swift; path = ConfigurationManager.swift; sourceTree = "<group>"; };
		B098A9CCDC67446C3AEB5BE3 /* GoogleService-Info.plist */ = {isa = PBXFileReference; lastKnownFileType = text.plist; path = "GoogleService-Info.plist"; sourceTree = "<group>"; };
		B37629591843A42117E66252 /* FetchOpenAIConfigurationUseCase.swift */ = {isa = PBXFileReference; lastKnownFileType = sourcecode.swift; path = FetchOpenAIConfigurationUseCase.swift; sourceTree = "<group>"; };
		B5A3B6728CFBAD61E5ECD150 /* CalendarView.swift */ = {isa = PBXFileReference; lastKnownFileType = sourcecode.swift; path = CalendarView.swift; sourceTree = "<group>"; };
		BF4621A85C6AC41C54E11B10 /* DeleteDiaryUseCase.swift */ = {isa = PBXFileReference; lastKnownFileType = sourcecode.swift; path = DeleteDiaryUseCase.swift; sourceTree = "<group>"; };
		C8A55159970F718C6DCF6AE6 /* OpenAIConfiguration.swift */ = {isa = PBXFileReference; lastKnownFileType = sourcecode.swift; path = OpenAIConfiguration.swift; sourceTree = "<group>"; };
		D4D063E29ED1F46E1EF272AD /* DiaryRepositoryProtocol.swift */ = {isa = PBXFileReference; lastKnownFileType = sourcecode.swift; path = DiaryRepositoryProtocol.swift; sourceTree = "<group>"; };
		D939424482D60E5E6B0758F1 /* StorageService.swift */ = {isa = PBXFileReference; lastKnownFileType = sourcecode.swift; path = StorageService.swift; sourceTree = "<group>"; };
		DC85AA0179C36978D2E32FA0 /* NetworkService.swift */ = {isa = PBXFileReference; lastKnownFileType = sourcecode.swift; path = NetworkService.swift; sourceTree = "<group>"; };
		DD3947BC8C5C117E2FB9ED50 /* TuistBundle+HowAboutNow.swift */ = {isa = PBXFileReference; lastKnownFileType = sourcecode.swift; path = "TuistBundle+HowAboutNow.swift"; sourceTree = "<group>"; };
		DFE11B836A5C97E66B250C73 /* DiaryCardView.swift */ = {isa = PBXFileReference; lastKnownFileType = sourcecode.swift; path = DiaryCardView.swift; sourceTree = "<group>"; };
		E703636DE83ACF29EDF0B845 /* DiaryViewModel.swift */ = {isa = PBXFileReference; lastKnownFileType = sourcecode.swift; path = DiaryViewModel.swift; sourceTree = "<group>"; };
		EC6CEAB133CF91EFB1E892EB /* UpdateOpenAIConfigurationUseCase.swift */ = {isa = PBXFileReference; lastKnownFileType = sourcecode.swift; path = UpdateOpenAIConfigurationUseCase.swift; sourceTree = "<group>"; };
		F779CA9CBB8DAB8DEB738FE1 /* Presentation-Info.plist */ = {isa = PBXFileReference; lastKnownFileType = text.plist; path = "Presentation-Info.plist"; sourceTree = "<group>"; };
		F785F1B5651CE314321762CA /* AddDiaryUseCase.swift */ = {isa = PBXFileReference; lastKnownFileType = sourcecode.swift; path = AddDiaryUseCase.swift; sourceTree = "<group>"; };
		F81612D4F4D894A4C11DA715 /* OpenAIConfigurationResponse.swift */ = {isa = PBXFileReference; lastKnownFileType = sourcecode.swift; path = OpenAIConfigurationResponse.swift; sourceTree = "<group>"; };
		FB65F8FE973BC1E4726A8E5A /* Assets.xcassets */ = {isa = PBXFileReference; lastKnownFileType = folder.assetcatalog; path = Assets.xcassets; sourceTree = "<group>"; };
		FC1FB3BC1AB610DA3620379B /* HowAboutNow-Info.plist */ = {isa = PBXFileReference; lastKnownFileType = text.plist; path = "HowAboutNow-Info.plist"; sourceTree = "<group>"; };
		FC73A6A5E312125312D029C6 /* Configuration.plist */ = {isa = PBXFileReference; lastKnownFileType = text.plist; path = Configuration.plist; sourceTree = "<group>"; };
		FE1684802F282323C01DA7B1 /* FloatingActionButton.swift */ = {isa = PBXFileReference; lastKnownFileType = sourcecode.swift; path = FloatingActionButton.swift; sourceTree = "<group>"; };
/* End PBXFileReference section */

/* Begin PBXFrameworksBuildPhase section */
		0A292CDA95F3638936FEFEAA /* Frameworks */ = {
			isa = PBXFrameworksBuildPhase;
			buildActionMask = 2147483647;
			files = (
			);
			runOnlyForDeploymentPostprocessing = 0;
		};
		57A59F982CD9A7FE15A4E2C7 /* Frameworks */ = {
			isa = PBXFrameworksBuildPhase;
			buildActionMask = 2147483647;
			files = (
				6CD8222A0D28E3F31481F50C /* Domain.framework in Frameworks */,
			);
			runOnlyForDeploymentPostprocessing = 0;
		};
		661BB3321B184F3FCE93FD9D /* Frameworks */ = {
			isa = PBXFrameworksBuildPhase;
			buildActionMask = 2147483647;
			files = (
				7B4417C4F2B5237215A42CAC /* Data.framework in Frameworks */,
				149FC64AF08C08B93533940E /* Domain.framework in Frameworks */,
				1495894857D751284A8443B3 /* Presentation.framework in Frameworks */,
				0A04A4127CA50B0117A83AF2 /* FirebaseAnalytics in Frameworks */,
				EB8184C3E5BD65592C61A50E /* FirebaseCrashlytics in Frameworks */,
			);
			runOnlyForDeploymentPostprocessing = 0;
		};
		76A9811F69ABE25D456B7727 /* Frameworks */ = {
			isa = PBXFrameworksBuildPhase;
			buildActionMask = 2147483647;
			files = (
				1EE743612DBEC6556FA30FDC /* Domain.framework in Frameworks */,
				0E0FEA2946834083B6F5E880 /* Alamofire in Frameworks */,
				5E25221C4548F51A4038655B /* FirebaseFirestore in Frameworks */,
			);
			runOnlyForDeploymentPostprocessing = 0;
		};
/* End PBXFrameworksBuildPhase section */

/* Begin PBXGroup section */
		03C50AD49413D4B094310595 /* Components */ = {
			isa = PBXGroup;
			children = (
				B5A3B6728CFBAD61E5ECD150 /* CalendarView.swift */,
				81AB542A357E1537267DF128 /* DeleteConfirmationAlert.swift */,
				DFE11B836A5C97E66B250C73 /* DiaryCardView.swift */,
				6BE55DFEE793E97A0D5AA3E5 /* EmotionIcon.swift */,
				511147E3A5878FFCF0A93696 /* EmptyStateView.swift */,
				8C2D779D160A8E164E4EF453 /* ErrorView.swift */,
				FE1684802F282323C01DA7B1 /* FloatingActionButton.swift */,
			);
			path = Components;
			sourceTree = "<group>";
		};
		04CFC7969BE3508CF8A0C3B5 /* Entities */ = {
			isa = PBXGroup;
			children = (
				5626C2916F6617C87B5FA511 /* Request */,
				44D7692A460BCC5DC264B06E /* Response */,
			);
			path = Entities;
			sourceTree = "<group>";
		};
		0A8163EF989F502480C15068 /* Sources */ = {
			isa = PBXGroup;
			children = (
				81C39BBD4D22AB2B3CA65C61 /* DIContainer.swift */,
				0005D74FC91600ACEF41D551 /* HowAboutNowApp.swift */,
			);
			path = Sources;
			sourceTree = "<group>";
		};
		138F0BBF2C72A63DB989A7D2 /* Products */ = {
			isa = PBXGroup;
			children = (
				0314B61D9C0E9B752695B0ED /* Data.framework */,
				A612A7C42D6C20E9A40DC10A /* Domain.framework */,
				300EB610D129B2D1F53796D6 /* HowAboutNow.app */,
				487FE65FF11700AD91952518 /* Presentation.framework */,
			);
			name = Products;
			sourceTree = "<group>";
		};
		18065C406D65B5FFFD80A898 /* Derived */ = {
			isa = PBXGroup;
			children = (
				71852A7A7DDD492543080B63 /* InfoPlists */,
				A92E55FC01F1D6A23F5DBAAA /* Sources */,
			);
			path = Derived;
			sourceTree = "<group>";
		};
		18977B5D6C9AB521411AEB61 /* Diary */ = {
			isa = PBXGroup;
			children = (
				F785F1B5651CE314321762CA /* AddDiaryUseCase.swift */,
				BF4621A85C6AC41C54E11B10 /* DeleteDiaryUseCase.swift */,
				8BBABEF713338B42B6EF5BDF /* FetchDiaryUseCase.swift */,
				77AC3CD1971C03F2534C951D /* UpdateDiaryUseCase.swift */,
			);
			path = Diary;
			sourceTree = "<group>";
		};
		44D7692A460BCC5DC264B06E /* Response */ = {
			isa = PBXGroup;
			children = (
				554E350936BE3ED34FB5444D /* AnalysisResponse.swift */,
				F81612D4F4D894A4C11DA715 /* OpenAIConfigurationResponse.swift */,
				305B0DCDE2619DD4C51C6937 /* OpenAIResponse.swift */,
			);
			path = Response;
			sourceTree = "<group>";
		};
		5626C2916F6617C87B5FA511 /* Request */ = {
			isa = PBXGroup;
			children = (
				A144892142D069B12DB1B1F7 /* OpenAIRequest.swift */,
			);
			path = Request;
			sourceTree = "<group>";
		};
		5E8BED6CD0D54B2DA7F4050D /* Presentation */ = {
			isa = PBXGroup;
			children = (
				CCABD3839928CB421AC9E777 /* DI */,
				F19A3A1EF214C2C2AA47609D /* Extensions */,
				AB416783BB0D4107926D6127 /* ViewModels */,
				7912D61EE4EE50B50C5B376C /* Views */,
			);
			path = Presentation;
			sourceTree = "<group>";
		};
		61D0DCBCBC8D2E647FF04BF7 /* Entities */ = {
			isa = PBXGroup;
			children = (
				80F755A8E11CA4F7A76F06EF /* Diary.swift */,
				196DEE775B1623D82FBD1739 /* DiaryAnalysis.swift */,
				C8A55159970F718C6DCF6AE6 /* OpenAIConfiguration.swift */,
			);
			path = Entities;
			sourceTree = "<group>";
		};
		71852A7A7DDD492543080B63 /* InfoPlists */ = {
			isa = PBXGroup;
			children = (
				8D33B07C88C5B649DCC92852 /* Data-Info.plist */,
				950120CAA8D2D43E5CBD0987 /* Domain-Info.plist */,
				FC1FB3BC1AB610DA3620379B /* HowAboutNow-Info.plist */,
				F779CA9CBB8DAB8DEB738FE1 /* Presentation-Info.plist */,
			);
			path = InfoPlists;
			sourceTree = "<group>";
		};
		7912D61EE4EE50B50C5B376C /* Views */ = {
			isa = PBXGroup;
			children = (
				03C50AD49413D4B094310595 /* Components */,
				A15EDE393E9D68EC62ECCADC /* Diary */,
				DD4107B255AAEE35A9F17458 /* Main */,
				E3DA36C82226B1642DCBB480 /* Settings */,
			);
			path = Views;
			sourceTree = "<group>";
		};
		7F5981AF49188C2B7A777CB1 /* Firestore */ = {
			isa = PBXGroup;
			children = (
				B37629591843A42117E66252 /* FetchOpenAIConfigurationUseCase.swift */,
			);
			path = Firestore;
			sourceTree = "<group>";
		};
		90F173DCDE06EF542B326A04 /* Common */ = {
			isa = PBXGroup;
			children = (
				AFAB21318C3CAF6748765527 /* ConfigurationManager.swift */,
				807BE2EF8A0AA4654F7E741A /* Logger.swift */,
			);
			path = Common;
			sourceTree = "<group>";
		};
		A15EDE393E9D68EC62ECCADC /* Diary */ = {
			isa = PBXGroup;
			children = (
				114B48836A619BEB854AE682 /* DiaryDetailView.swift */,
				94BE32E2EF1718EAF4492723 /* DiaryEditorView.swift */,
				6A59CB62BF00563816A379C1 /* DiaryView.swift */,
			);
			path = Diary;
			sourceTree = "<group>";
		};
		A92E55FC01F1D6A23F5DBAAA /* Sources */ = {
			isa = PBXGroup;
			children = (
				29D14B44856F39843935F8DC /* TuistAssets+HowAboutNow.swift */,
				DD3947BC8C5C117E2FB9ED50 /* TuistBundle+HowAboutNow.swift */,
				743636B12172AFFD46817F51 /* TuistPlists+HowAboutNow.swift */,
			);
			path = Sources;
			sourceTree = "<group>";
		};
		AB416783BB0D4107926D6127 /* ViewModels */ = {
			isa = PBXGroup;
			children = (
				84A63448B3E5B7DF2744F661 /* DiaryEditorViewModel.swift */,
				E703636DE83ACF29EDF0B845 /* DiaryViewModel.swift */,
				99F52926C90DB48DF33B87E1 /* SplashViewModel.swift */,
			);
			path = ViewModels;
			sourceTree = "<group>";
		};
		B0406AD26AD795AFA2196691 /* Repositories */ = {
			isa = PBXGroup;
			children = (
				D4D063E29ED1F46E1EF272AD /* DiaryRepositoryProtocol.swift */,
				1436E8FEF992EB12AF4DBB5A /* FirestoreRepositoryProtocol.swift */,
				8E22CF55590AFB1D366F3039 /* OpenAIRepositoryProtocol.swift */,
			);
			path = Repositories;
			sourceTree = "<group>";
		};
		B68710D438C1881E4DB2307D = {
			isa = PBXGroup;
			children = (
				BFDCAC11159D20718E113C19 /* Project */,
				138F0BBF2C72A63DB989A7D2 /* Products */,
			);
			sourceTree = "<group>";
		};
		BF1CA31C5F27DA464D8FC883 /* UseCases */ = {
			isa = PBXGroup;
			children = (
				18977B5D6C9AB521411AEB61 /* Diary */,
				7F5981AF49188C2B7A777CB1 /* Firestore */,
				DF6E509CB7E97B5C9F39EC68 /* OpenAI */,
			);
			path = UseCases;
			sourceTree = "<group>";
		};
		BFB4E8BACCFE7076A6977A95 /* Network */ = {
			isa = PBXGroup;
			children = (
				1D2AF4CD95BB448AF170E21A /* FirestoreService.swift */,
				DC85AA0179C36978D2E32FA0 /* NetworkService.swift */,
				AF5A3165C42D9B7E4E35FEEF /* OpenAIEndpoint.swift */,
				5FDE881CAA57408C05723B22 /* OpenAIService.swift */,
			);
			path = Network;
			sourceTree = "<group>";
		};
		BFDCAC11159D20718E113C19 /* Project */ = {
			isa = PBXGroup;
			children = (
				E6A97450D42A0C30F1864080 /* App */,
				E8EDA7F3C641FDEA85B6F019 /* Data */,
				18065C406D65B5FFFD80A898 /* Derived */,
				C746D71C9402BE3A27519CC8 /* Domain */,
				5E8BED6CD0D54B2DA7F4050D /* Presentation */,
			);
			name = Project;
			sourceTree = "<group>";
		};
		C4F99DA7A13A88E5E20D5A3C /* Resources */ = {
			isa = PBXGroup;
			children = (
				FB65F8FE973BC1E4726A8E5A /* Assets.xcassets */,
				FC73A6A5E312125312D029C6 /* Configuration.plist */,
				AD68B3C499E58E43A3E313B8 /* Configuration.template.plist */,
				B098A9CCDC67446C3AEB5BE3 /* GoogleService-Info.plist */,
				52AC725FD6FD234D040CB101 /* HowAboutNow.entitlements */,
				6FEEB52B16D6EBD0F58FA022 /* Localizable.xcstrings */,
			);
			path = Resources;
			sourceTree = "<group>";
		};
		C746D71C9402BE3A27519CC8 /* Domain */ = {
			isa = PBXGroup;
			children = (
				61D0DCBCBC8D2E647FF04BF7 /* Entities */,
				B0406AD26AD795AFA2196691 /* Repositories */,
				BF1CA31C5F27DA464D8FC883 /* UseCases */,
			);
			path = Domain;
			sourceTree = "<group>";
		};
		CCABD3839928CB421AC9E777 /* DI */ = {
			isa = PBXGroup;
			children = (
				0A57D9981B352595A8E80DA8 /* DIContainerProtocol.swift */,
			);
			path = DI;
			sourceTree = "<group>";
		};
		DD4107B255AAEE35A9F17458 /* Main */ = {
			isa = PBXGroup;
			children = (
				A4335D633EA1C8BFBCC10CF1 /* MainTabView.swift */,
				2B0D56751F0F1DB661CDEC9C /* SplashView.swift */,
			);
			path = Main;
			sourceTree = "<group>";
		};
		DF6E509CB7E97B5C9F39EC68 /* OpenAI */ = {
			isa = PBXGroup;
			children = (
				1D347C8D0D8B924F02909AC0 /* AnalysisDiaryUseCase.swift */,
				EC6CEAB133CF91EFB1E892EB /* UpdateOpenAIConfigurationUseCase.swift */,
			);
			path = OpenAI;
			sourceTree = "<group>";
		};
		E39A3CF051BBC7836A9A4F01 /* Storage */ = {
			isa = PBXGroup;
			children = (
				D939424482D60E5E6B0758F1 /* StorageService.swift */,
			);
			path = Storage;
			sourceTree = "<group>";
		};
		E3DA36C82226B1642DCBB480 /* Settings */ = {
			isa = PBXGroup;
			children = (
				4231A19CA9659EE53A6F5E85 /* SettingsView.swift */,
			);
			path = Settings;
			sourceTree = "<group>";
		};
		E6A97450D42A0C30F1864080 /* App */ = {
			isa = PBXGroup;
			children = (
				C4F99DA7A13A88E5E20D5A3C /* Resources */,
				0A8163EF989F502480C15068 /* Sources */,
			);
			path = App;
			sourceTree = "<group>";
		};
		E8EDA7F3C641FDEA85B6F019 /* Data */ = {
			isa = PBXGroup;
			children = (
				90F173DCDE06EF542B326A04 /* Common */,
				04CFC7969BE3508CF8A0C3B5 /* Entities */,
				BFB4E8BACCFE7076A6977A95 /* Network */,
				E9C0CEBC4368CCCD79379226 /* Repositories */,
				E39A3CF051BBC7836A9A4F01 /* Storage */,
			);
			path = Data;
			sourceTree = "<group>";
		};
		E9C0CEBC4368CCCD79379226 /* Repositories */ = {
			isa = PBXGroup;
			children = (
				5471E8CF3AEC732D52F93285 /* DiaryRepository.swift */,
				3640611CCA04A3776FF0B993 /* FirestoreRepository.swift */,
				74A1AA29FCD8F694DA693C8B /* OpenAIRepository.swift */,
			);
			path = Repositories;
			sourceTree = "<group>";
		};
		F19A3A1EF214C2C2AA47609D /* Extensions */ = {
			isa = PBXGroup;
			children = (
				A109B9DCBC3FA47262336D4E /* View+Keyboard.swift */,
			);
			path = Extensions;
			sourceTree = "<group>";
		};
/* End PBXGroup section */

/* Begin PBXNativeTarget section */
		1FFA422CE0719EC6F615A393 /* Domain */ = {
			isa = PBXNativeTarget;
			buildConfigurationList = 8E3BC76F124DAEF770E38C82 /* Build configuration list for PBXNativeTarget "Domain" */;
			buildPhases = (
				EE7A1CBFA5B97A344B5A3487 /* Sources */,
				2D93DCDFD7F6FC18F61A2C45 /* Resources */,
				0A292CDA95F3638936FEFEAA /* Frameworks */,
				BBA108564D21BDE3F0684894 /* Embed Frameworks */,
			);
			buildRules = (
			);
			dependencies = (
			);
			name = Domain;
			packageProductDependencies = (
			);
			productName = Domain;
			productReference = A612A7C42D6C20E9A40DC10A /* Domain.framework */;
			productType = "com.apple.product-type.framework";
		};
		20AEE7CDA4F164B6A04ED344 /* HowAboutNow */ = {
			isa = PBXNativeTarget;
			buildConfigurationList = 366DD896D173193C987BEC03 /* Build configuration list for PBXNativeTarget "HowAboutNow" */;
			buildPhases = (
				83048F4F9DD153781D275338 /* Sources */,
				39A727AEB9ED9B46E88B5D3B /* Resources */,
				661BB3321B184F3FCE93FD9D /* Frameworks */,
				67BA790DE884EB614156615C /* Embed Frameworks */,
				F3FB7A53B4E93FAE3CF24DCD /* Upload Crashlytics Symbols */,
			);
			buildRules = (
			);
			dependencies = (
				08360A10A7468B1115D2740C /* PBXTargetDependency */,
				40042A76BC35E1647229B318 /* PBXTargetDependency */,
				082EB2918B49DAADC4078C22 /* PBXTargetDependency */,
			);
			name = HowAboutNow;
			packageProductDependencies = (
				4FD20BDE33692602CCCDACB7 /* FirebaseAnalytics */,
				620D68098BB503E4DFEB8CC1 /* FirebaseCrashlytics */,
			);
			productName = HowAboutNow;
			productReference = 300EB610D129B2D1F53796D6 /* HowAboutNow.app */;
			productType = "com.apple.product-type.application";
		};
		7416D6775D55D94F4C5ECD2A /* Data */ = {
			isa = PBXNativeTarget;
			buildConfigurationList = 67FCE08F8F2C584DD6407238 /* Build configuration list for PBXNativeTarget "Data" */;
			buildPhases = (
				E877A7D85D3430721D6B492C /* Sources */,
				916DEA2294B0744DB56FEC6D /* Resources */,
				76A9811F69ABE25D456B7727 /* Frameworks */,
				9D0006EAA8A40BF0FBBB7A08 /* Embed Frameworks */,
			);
			buildRules = (
			);
			dependencies = (
				49136D1292FD177D4CE94A8E /* PBXTargetDependency */,
			);
			name = Data;
			packageProductDependencies = (
				90BF4128E6828519BA1700E0 /* Alamofire */,
				D85A01C8B045A48D6377E2C8 /* FirebaseFirestore */,
			);
			productName = Data;
			productReference = 0314B61D9C0E9B752695B0ED /* Data.framework */;
			productType = "com.apple.product-type.framework";
		};
		9C4F9C4F75CF46C60B87A052 /* Presentation */ = {
			isa = PBXNativeTarget;
			buildConfigurationList = B9681A856921F00860C80C13 /* Build configuration list for PBXNativeTarget "Presentation" */;
			buildPhases = (
				14ACD18226C364178F26CEE4 /* Sources */,
				CFE67490E53C6E11DA04389B /* Resources */,
				57A59F982CD9A7FE15A4E2C7 /* Frameworks */,
				6EBF6348479BE0EFD986917E /* Embed Frameworks */,
			);
			buildRules = (
			);
			dependencies = (
				CD4B2F729AC991CBF3B06C73 /* PBXTargetDependency */,
			);
			name = Presentation;
			packageProductDependencies = (
			);
			productName = Presentation;
			productReference = 487FE65FF11700AD91952518 /* Presentation.framework */;
			productType = "com.apple.product-type.framework";
		};
/* End PBXNativeTarget section */

/* Begin PBXProject section */
		A556E638B63C4160CFD291A1 /* Project object */ = {
			isa = PBXProject;
			attributes = {
				BuildIndependentTargetsInParallel = YES;
				ORGANIZATIONNAME = HowAboutNow;
				TargetAttributes = {
				};
			};
			buildConfigurationList = C68EB2540CA791112451CAE6 /* Build configuration list for PBXProject "HowAboutNow" */;
			compatibilityVersion = "Xcode 14.0";
			developmentRegion = en;
			hasScannedForEncodings = 0;
			knownRegions = (
				Base,
				en,
			);
			mainGroup = B68710D438C1881E4DB2307D;
			packageReferences = (
				E03E552E7C06D5B48CD9BF19 /* XCRemoteSwiftPackageReference "Alamofire" */,
				B6180B05909649A4D1297C09 /* XCRemoteSwiftPackageReference "firebase-ios-sdk" */,
			);
			productRefGroup = 138F0BBF2C72A63DB989A7D2 /* Products */;
			projectDirPath = "";
			projectRoot = "";
			targets = (
				7416D6775D55D94F4C5ECD2A /* Data */,
				1FFA422CE0719EC6F615A393 /* Domain */,
				20AEE7CDA4F164B6A04ED344 /* HowAboutNow */,
				9C4F9C4F75CF46C60B87A052 /* Presentation */,
			);
		};
/* End PBXProject section */

/* Begin PBXResourcesBuildPhase section */
		2D93DCDFD7F6FC18F61A2C45 /* Resources */ = {
			isa = PBXResourcesBuildPhase;
			buildActionMask = 2147483647;
			files = (
			);
			runOnlyForDeploymentPostprocessing = 0;
		};
		39A727AEB9ED9B46E88B5D3B /* Resources */ = {
			isa = PBXResourcesBuildPhase;
			buildActionMask = 2147483647;
			files = (
				C5A7BC79C056FD6A5022F3A9 /* Assets.xcassets in Resources */,
				003A790B251B0AA541AEE626 /* Configuration.plist in Resources */,
				56942D45E440352F0FFB1D6E /* Configuration.template.plist in Resources */,
				C6D7170C5E28B99C5FF90EBB /* GoogleService-Info.plist in Resources */,
				4BC9AF53EB84413D6980BAF5 /* HowAboutNow.entitlements in Resources */,
				7634837ADB44AB198E8F6B7E /* Localizable.xcstrings in Resources */,
			);
			runOnlyForDeploymentPostprocessing = 0;
		};
		916DEA2294B0744DB56FEC6D /* Resources */ = {
			isa = PBXResourcesBuildPhase;
			buildActionMask = 2147483647;
			files = (
			);
			runOnlyForDeploymentPostprocessing = 0;
		};
		CFE67490E53C6E11DA04389B /* Resources */ = {
			isa = PBXResourcesBuildPhase;
			buildActionMask = 2147483647;
			files = (
			);
			runOnlyForDeploymentPostprocessing = 0;
		};
/* End PBXResourcesBuildPhase section */

/* Begin PBXShellScriptBuildPhase section */
		F3FB7A53B4E93FAE3CF24DCD /* Upload Crashlytics Symbols */ = {
			isa = PBXShellScriptBuildPhase;
			buildActionMask = 2147483647;
			files = (
			);
			inputFileListPaths = (
			);
			inputPaths = (
			);
			name = "Upload Crashlytics Symbols";
			outputFileListPaths = (
			);
			outputPaths = (
			);
			runOnlyForDeploymentPostprocessing = 0;
			shellPath = /bin/sh;
			shellScript = "if [ \"${CONFIGURATION}\" = \"Debug\" ]; then\n    exit 0\nfi\n\n# dSYM 파일 찾기\nDSYM_PATH=\"${DWARF_DSYM_FOLDER_PATH}/${DWARF_DSYM_FILE_NAME}\"\nif [ ! -d \"$DSYM_PATH\" ]; then\n    echo \"warning: dSYM not found at ${DSYM_PATH}\"\n    exit 0\nfi\n\n# Crashlytics 업로드 도구 경로 설정\nDERIVED_DATA_PATHS=(\n    \"/Volumes/SSD/Library/Developer/Xcode/DerivedData\"\n    \"${HOME}/Library/Developer/Xcode/DerivedData\"\n)\n\nfor DERIVED_DATA_PATH in \"${DERIVED_DATA_PATHS[@]}\"; do\n    if [ -d \"${DERIVED_DATA_PATH}\" ]; then\n        CRASHLYTICS_PATH=$(find \"${DERIVED_DATA_PATH}\" -path \"*/SourcePackages/checkouts/firebase-ios-sdk/Crashlytics/upload-symbols\" -type f | head -n 1)\n        if [ -f \"${CRASHLYTICS_PATH}\" ]; then\n            break\n        fi\n    fi\ndone\n\nif [ ! -f \"${CRASHLYTICS_PATH}\" ]; then\n    echo \"warning: Crashlytics upload-symbols not found in any DerivedData directory\"\n    exit 0\nfi\n\n# Upload dSYM\n\"${CRASHLYTICS_PATH}\" -gsp \"${SRCROOT}/App/Resources/GoogleService-Info.plist\" -p ios \"${DSYM_PATH}\"";
		};
/* End PBXShellScriptBuildPhase section */

/* Begin PBXSourcesBuildPhase section */
		14ACD18226C364178F26CEE4 /* Sources */ = {
			isa = PBXSourcesBuildPhase;
			buildActionMask = 2147483647;
			files = (
				C3C751B604D3D62A7D823D77 /* DIContainerProtocol.swift in Sources */,
				B12C368BDB10B9D0398AF140 /* View+Keyboard.swift in Sources */,
				A2B8DE951170F510CCE274F3 /* DiaryEditorViewModel.swift in Sources */,
				2FC23B8A8405B1D5D9A448AC /* DiaryViewModel.swift in Sources */,
				6C8CFF1133ECBA9E7D635750 /* SplashViewModel.swift in Sources */,
				192C565A3C184A6D9DE551F6 /* CalendarView.swift in Sources */,
				E1E88608C9E9596C7ACC97E0 /* DeleteConfirmationAlert.swift in Sources */,
				CD400218794F521CA9A44C45 /* DiaryCardView.swift in Sources */,
				4C4EE08FE1FB49988D1B0192 /* EmotionIcon.swift in Sources */,
				B4D8FDC1F2DCC937C7431797 /* EmptyStateView.swift in Sources */,
				B4C08FDAE870734BE23CF073 /* ErrorView.swift in Sources */,
				AF4ED3B1BC63F3061018CF44 /* FloatingActionButton.swift in Sources */,
				851128630050771D1AADF5B9 /* DiaryDetailView.swift in Sources */,
				E96F94A535C4372F14235C36 /* DiaryEditorView.swift in Sources */,
				DF6D7EC1B56D0A20A44CCF7D /* DiaryView.swift in Sources */,
				279C1DA4902DE4DDE2242960 /* MainTabView.swift in Sources */,
				8663A927E2E0B8E068FB9CA8 /* SplashView.swift in Sources */,
				FE6E1941E1E20534CBEEDF85 /* SettingsView.swift in Sources */,
			);
			runOnlyForDeploymentPostprocessing = 0;
		};
		83048F4F9DD153781D275338 /* Sources */ = {
			isa = PBXSourcesBuildPhase;
			buildActionMask = 2147483647;
			files = (
				83131BA1C447B1FD9A42B7D9 /* DIContainer.swift in Sources */,
				C10CDC09A15CFB8844E473C4 /* HowAboutNowApp.swift in Sources */,
				F5E3E813327FD37CE94633CD /* TuistAssets+HowAboutNow.swift in Sources */,
				BDB2D28992E84257B1438E41 /* TuistBundle+HowAboutNow.swift in Sources */,
				8CF26FF7BB65F0F877D82BA7 /* TuistPlists+HowAboutNow.swift in Sources */,
			);
			runOnlyForDeploymentPostprocessing = 0;
		};
		E877A7D85D3430721D6B492C /* Sources */ = {
			isa = PBXSourcesBuildPhase;
			buildActionMask = 2147483647;
			files = (
				A1E792FEE5F67F01D71A86A1 /* ConfigurationManager.swift in Sources */,
				E2F07A9DA14727DFF18FE6A7 /* Logger.swift in Sources */,
				9AB3F21BBBE5C4EB6D8FA106 /* OpenAIRequest.swift in Sources */,
				FAFE4F80E6C6EA7FA54EF5D0 /* AnalysisResponse.swift in Sources */,
				8011D2D2DC187AC605F9C718 /* OpenAIConfigurationResponse.swift in Sources */,
				AA871DEA3F132A5EAF550D7F /* OpenAIResponse.swift in Sources */,
				7254262B285264415235B1B1 /* FirestoreService.swift in Sources */,
				588B1B620E50EEFB3643FA4A /* NetworkService.swift in Sources */,
				E9E2B116A3DC52ECDCAAC16F /* OpenAIEndpoint.swift in Sources */,
				C22C9D1822A9AA8B06802BE8 /* OpenAIService.swift in Sources */,
				ECEF1EE5ABF56AFDE9AEC7D4 /* DiaryRepository.swift in Sources */,
				58D280E0FC8C0F0902425CD1 /* FirestoreRepository.swift in Sources */,
				EB6AB68A60C82846F3A72826 /* OpenAIRepository.swift in Sources */,
				DF1C22FE468C6F0529A89676 /* StorageService.swift in Sources */,
			);
			runOnlyForDeploymentPostprocessing = 0;
		};
		EE7A1CBFA5B97A344B5A3487 /* Sources */ = {
			isa = PBXSourcesBuildPhase;
			buildActionMask = 2147483647;
			files = (
				A50B6D402ECC3148BA9BBCA8 /* Diary.swift in Sources */,
				55CEFDB32A361AE7040595DE /* DiaryAnalysis.swift in Sources */,
				423EBE6B796320BDD49E648E /* OpenAIConfiguration.swift in Sources */,
				B39F7D02F9ACCDE40A4E7767 /* DiaryRepositoryProtocol.swift in Sources */,
				FA2BCF2B6D5CB8EDA0EC24E6 /* FirestoreRepositoryProtocol.swift in Sources */,
				36F596937526CEB2E5432D29 /* OpenAIRepositoryProtocol.swift in Sources */,
				AE4220A895202313DD90F029 /* AddDiaryUseCase.swift in Sources */,
				8CDF38DE682CFBB49B0E139B /* DeleteDiaryUseCase.swift in Sources */,
				4E2C1643C6D0C52763992A61 /* FetchDiaryUseCase.swift in Sources */,
				838D697CB1E94011D92832A2 /* UpdateDiaryUseCase.swift in Sources */,
				F3BE928899E39F982EBB8846 /* FetchOpenAIConfigurationUseCase.swift in Sources */,
				BDB19196886836D71BA0CA5D /* AnalysisDiaryUseCase.swift in Sources */,
				18188696917CA500815149B0 /* UpdateOpenAIConfigurationUseCase.swift in Sources */,
			);
			runOnlyForDeploymentPostprocessing = 0;
		};
/* End PBXSourcesBuildPhase section */

/* Begin PBXTargetDependency section */
		082EB2918B49DAADC4078C22 /* PBXTargetDependency */ = {
			isa = PBXTargetDependency;
			name = Presentation;
			target = 9C4F9C4F75CF46C60B87A052 /* Presentation */;
			targetProxy = 689F4ACD6BF292B0DB3437AC /* PBXContainerItemProxy */;
		};
		08360A10A7468B1115D2740C /* PBXTargetDependency */ = {
			isa = PBXTargetDependency;
			name = Data;
			target = 7416D6775D55D94F4C5ECD2A /* Data */;
			targetProxy = 63283481ECAA0C284D6B0C2C /* PBXContainerItemProxy */;
		};
		40042A76BC35E1647229B318 /* PBXTargetDependency */ = {
			isa = PBXTargetDependency;
			name = Domain;
			target = 1FFA422CE0719EC6F615A393 /* Domain */;
			targetProxy = 6ECE12A00F778DBB9CE08FA2 /* PBXContainerItemProxy */;
		};
		49136D1292FD177D4CE94A8E /* PBXTargetDependency */ = {
			isa = PBXTargetDependency;
			name = Domain;
			target = 1FFA422CE0719EC6F615A393 /* Domain */;
			targetProxy = A2CE6CB3EBEE8C83CF724137 /* PBXContainerItemProxy */;
		};
		CD4B2F729AC991CBF3B06C73 /* PBXTargetDependency */ = {
			isa = PBXTargetDependency;
			name = Domain;
			target = 1FFA422CE0719EC6F615A393 /* Domain */;
			targetProxy = 3587BD71069108652C20B966 /* PBXContainerItemProxy */;
		};
/* End PBXTargetDependency section */

/* Begin XCBuildConfiguration section */
		304E234514F5B814F6E720F0 /* Release */ = {
			isa = XCBuildConfiguration;
			buildSettings = {
				CODE_SIGN_IDENTITY = "";
				CURRENT_PROJECT_VERSION = 1;
				DEFINES_MODULE = YES;
				DYLIB_COMPATIBILITY_VERSION = 1;
				DYLIB_CURRENT_VERSION = 1;
				DYLIB_INSTALL_NAME_BASE = "@rpath";
				INFOPLIST_FILE = "Derived/InfoPlists/Domain-Info.plist";
				INSTALL_PATH = "$(LOCAL_LIBRARY_DIR)/Frameworks";
				LD_RUNPATH_SEARCH_PATHS = (
					"$(inherited)",
					"@executable_path/Frameworks",
					"@loader_path/Frameworks",
				);
				PRODUCT_BUNDLE_IDENTIFIER = com.krwd.howaboutnow.domain;
				PRODUCT_NAME = Domain;
				SDKROOT = iphoneos;
				SKIP_INSTALL = YES;
				SUPPORTS_MACCATALYST = NO;
				SUPPORTS_MAC_DESIGNED_FOR_IPHONE_IPAD = NO;
				SUPPORTS_XR_DESIGNED_FOR_IPHONE_IPAD = NO;
				SWIFT_COMPILATION_MODE = wholemodule;
				SWIFT_OPTIMIZATION_LEVEL = "-Owholemodule";
				SWIFT_VERSION = 5.0;
				TARGETED_DEVICE_FAMILY = 1;
				VERSIONING_SYSTEM = "apple-generic";
				VERSION_INFO_PREFIX = "";
			};
			name = Release;
		};
		356AF1973214A8139F7AB0F0 /* Release */ = {
			isa = XCBuildConfiguration;
			buildSettings = {
				ALWAYS_SEARCH_USER_PATHS = NO;
				CLANG_ANALYZER_LOCALIZABILITY_NONLOCALIZED = YES;
				CLANG_ANALYZER_NONNULL = YES;
				CLANG_ANALYZER_NUMBER_OBJECT_CONVERSION = YES_AGGRESSIVE;
				CLANG_CXX_LANGUAGE_STANDARD = "gnu++14";
				CLANG_CXX_LIBRARY = "libc++";
				CLANG_ENABLE_MODULES = YES;
				CLANG_ENABLE_OBJC_ARC = YES;
				CLANG_ENABLE_OBJC_WEAK = YES;
				CLANG_WARN_BLOCK_CAPTURE_AUTORELEASING = YES;
				CLANG_WARN_BOOL_CONVERSION = YES;
				CLANG_WARN_COMMA = YES;
				CLANG_WARN_CONSTANT_CONVERSION = YES;
				CLANG_WARN_DEPRECATED_OBJC_IMPLEMENTATIONS = YES;
				CLANG_WARN_DIRECT_OBJC_ISA_USAGE = YES_ERROR;
				CLANG_WARN_DOCUMENTATION_COMMENTS = YES;
				CLANG_WARN_EMPTY_BODY = YES;
				CLANG_WARN_ENUM_CONVERSION = YES;
				CLANG_WARN_INFINITE_RECURSION = YES;
				CLANG_WARN_INT_CONVERSION = YES;
				CLANG_WARN_NON_LITERAL_NULL_CONVERSION = YES;
				CLANG_WARN_OBJC_IMPLICIT_RETAIN_SELF = YES;
				CLANG_WARN_OBJC_LITERAL_CONVERSION = YES;
				CLANG_WARN_OBJC_ROOT_CLASS = YES_ERROR;
				CLANG_WARN_QUOTED_INCLUDE_IN_FRAMEWORK_HEADER = YES;
				CLANG_WARN_RANGE_LOOP_ANALYSIS = YES;
				CLANG_WARN_STRICT_PROTOTYPES = YES;
				CLANG_WARN_SUSPICIOUS_MOVE = YES;
				CLANG_WARN_UNGUARDED_AVAILABILITY = YES_AGGRESSIVE;
				CLANG_WARN_UNREACHABLE_CODE = YES;
				CLANG_WARN__DUPLICATE_METHOD_MATCH = YES;
				COPY_PHASE_STRIP = NO;
				DEAD_CODE_STRIPPING = YES;
				DEBUG_INFORMATION_FORMAT = "dwarf-with-dsym";
				DEFINES_MODULE = YES;
				ENABLE_NS_ASSERTIONS = NO;
				ENABLE_STRICT_OBJC_MSGSEND = YES;
				GCC_C_LANGUAGE_STANDARD = gnu11;
				GCC_NO_COMMON_BLOCKS = YES;
				GCC_WARN_64_TO_32_BIT_CONVERSION = YES;
				GCC_WARN_ABOUT_RETURN_TYPE = YES_ERROR;
				GCC_WARN_UNDECLARED_SELECTOR = YES;
				GCC_WARN_UNINITIALIZED_AUTOS = YES_AGGRESSIVE;
				GCC_WARN_UNUSED_FUNCTION = YES;
				GCC_WARN_UNUSED_VARIABLE = YES;
				IPHONEOS_DEPLOYMENT_TARGET = 17.0;
				MTL_ENABLE_DEBUG_INFO = NO;
				OTHER_LDFLAGS = "$(inherited) -ObjC";
				PRODUCT_NAME = "$(TARGET_NAME)";
				SWIFT_INSTALL_OBJC_HEADER = YES;
				SWIFT_OBJC_INTERFACE_HEADER_NAME = "$(PRODUCT_NAME)-Swift.h";
				VALIDATE_PRODUCT = YES;
			};
			name = Release;
		};
		4529D36B11A7C9E09DC9E6F1 /* Debug */ = {
			isa = XCBuildConfiguration;
			buildSettings = {
				CODE_SIGN_IDENTITY = "";
				CURRENT_PROJECT_VERSION = 1;
				DEFINES_MODULE = YES;
				DYLIB_COMPATIBILITY_VERSION = 1;
				DYLIB_CURRENT_VERSION = 1;
				DYLIB_INSTALL_NAME_BASE = "@rpath";
				INFOPLIST_FILE = "Derived/InfoPlists/Data-Info.plist";
				INSTALL_PATH = "$(LOCAL_LIBRARY_DIR)/Frameworks";
				LD_RUNPATH_SEARCH_PATHS = (
					"$(inherited)",
					"@executable_path/Frameworks",
					"@loader_path/Frameworks",
				);
				PRODUCT_BUNDLE_IDENTIFIER = com.krwd.howaboutnow.data;
				PRODUCT_NAME = Data;
				SDKROOT = iphoneos;
				SKIP_INSTALL = YES;
				SUPPORTS_MACCATALYST = NO;
				SUPPORTS_MAC_DESIGNED_FOR_IPHONE_IPAD = NO;
				SUPPORTS_XR_DESIGNED_FOR_IPHONE_IPAD = NO;
				SWIFT_ACTIVE_COMPILATION_CONDITIONS = (
					"$(inherited)",
					DEBUG,
				);
				SWIFT_COMPILATION_MODE = singlefile;
				SWIFT_OPTIMIZATION_LEVEL = "-Onone";
				SWIFT_VERSION = 5.0;
				TARGETED_DEVICE_FAMILY = 1;
				VERSIONING_SYSTEM = "apple-generic";
				VERSION_INFO_PREFIX = "";
			};
			name = Debug;
		};
		75FEC05D3FFFD625158966B3 /* Release */ = {
			isa = XCBuildConfiguration;
			buildSettings = {
				ASSETCATALOG_COMPILER_APPICON_NAME = AppIcon;
				CODE_SIGN_IDENTITY = "iPhone Developer";
				ENABLE_PREVIEWS = YES;
				INFOPLIST_FILE = "Derived/InfoPlists/HowAboutNow-Info.plist";
				LD_RUNPATH_SEARCH_PATHS = (
					"$(inherited)",
					"@executable_path/Frameworks",
				);
				PRODUCT_BUNDLE_IDENTIFIER = com.krwd.howaboutnow.app;
				PRODUCT_NAME = HowAboutNow;
				SDKROOT = iphoneos;
				SUPPORTS_MACCATALYST = NO;
				SUPPORTS_MAC_DESIGNED_FOR_IPHONE_IPAD = NO;
				SUPPORTS_XR_DESIGNED_FOR_IPHONE_IPAD = NO;
				SWIFT_COMPILATION_MODE = wholemodule;
				SWIFT_OPTIMIZATION_LEVEL = "-Owholemodule";
				SWIFT_VERSION = 5.0;
				TARGETED_DEVICE_FAMILY = 1;
			};
			name = Release;
		};
		8990DC60685981F4023A3FB0 /* Release */ = {
			isa = XCBuildConfiguration;
			buildSettings = {
				CODE_SIGN_IDENTITY = "";
				CURRENT_PROJECT_VERSION = 1;
				DEFINES_MODULE = YES;
				DYLIB_COMPATIBILITY_VERSION = 1;
				DYLIB_CURRENT_VERSION = 1;
				DYLIB_INSTALL_NAME_BASE = "@rpath";
				INFOPLIST_FILE = "Derived/InfoPlists/Presentation-Info.plist";
				INSTALL_PATH = "$(LOCAL_LIBRARY_DIR)/Frameworks";
				LD_RUNPATH_SEARCH_PATHS = (
					"$(inherited)",
					"@executable_path/Frameworks",
					"@loader_path/Frameworks",
				);
				PRODUCT_BUNDLE_IDENTIFIER = com.krwd.howaboutnow.presentation;
				PRODUCT_NAME = Presentation;
				SDKROOT = iphoneos;
				SKIP_INSTALL = YES;
				SUPPORTS_MACCATALYST = NO;
				SUPPORTS_MAC_DESIGNED_FOR_IPHONE_IPAD = NO;
				SUPPORTS_XR_DESIGNED_FOR_IPHONE_IPAD = NO;
				SWIFT_COMPILATION_MODE = wholemodule;
				SWIFT_OPTIMIZATION_LEVEL = "-Owholemodule";
				SWIFT_VERSION = 5.0;
				TARGETED_DEVICE_FAMILY = 1;
				VERSIONING_SYSTEM = "apple-generic";
				VERSION_INFO_PREFIX = "";
			};
			name = Release;
		};
		8FFC2371360BF6C2D5948918 /* Debug */ = {
			isa = XCBuildConfiguration;
			buildSettings = {
				CODE_SIGN_IDENTITY = "";
				CURRENT_PROJECT_VERSION = 1;
				DEFINES_MODULE = YES;
				DYLIB_COMPATIBILITY_VERSION = 1;
				DYLIB_CURRENT_VERSION = 1;
				DYLIB_INSTALL_NAME_BASE = "@rpath";
				INFOPLIST_FILE = "Derived/InfoPlists/Domain-Info.plist";
				INSTALL_PATH = "$(LOCAL_LIBRARY_DIR)/Frameworks";
				LD_RUNPATH_SEARCH_PATHS = (
					"$(inherited)",
					"@executable_path/Frameworks",
					"@loader_path/Frameworks",
				);
				PRODUCT_BUNDLE_IDENTIFIER = com.krwd.howaboutnow.domain;
				PRODUCT_NAME = Domain;
				SDKROOT = iphoneos;
				SKIP_INSTALL = YES;
				SUPPORTS_MACCATALYST = NO;
				SUPPORTS_MAC_DESIGNED_FOR_IPHONE_IPAD = NO;
				SUPPORTS_XR_DESIGNED_FOR_IPHONE_IPAD = NO;
				SWIFT_ACTIVE_COMPILATION_CONDITIONS = (
					"$(inherited)",
					DEBUG,
				);
				SWIFT_COMPILATION_MODE = singlefile;
				SWIFT_OPTIMIZATION_LEVEL = "-Onone";
				SWIFT_VERSION = 5.0;
				TARGETED_DEVICE_FAMILY = 1;
				VERSIONING_SYSTEM = "apple-generic";
				VERSION_INFO_PREFIX = "";
			};
			name = Debug;
		};
		C041428D548CE7042F529B1D /* Debug */ = {
			isa = XCBuildConfiguration;
			buildSettings = {
				ASSETCATALOG_COMPILER_APPICON_NAME = AppIcon;
				CODE_SIGN_IDENTITY = "iPhone Developer";
				ENABLE_PREVIEWS = YES;
				INFOPLIST_FILE = "Derived/InfoPlists/HowAboutNow-Info.plist";
				LD_RUNPATH_SEARCH_PATHS = (
					"$(inherited)",
					"@executable_path/Frameworks",
				);
				PRODUCT_BUNDLE_IDENTIFIER = com.krwd.howaboutnow.app;
				PRODUCT_NAME = HowAboutNow;
				SDKROOT = iphoneos;
				SUPPORTS_MACCATALYST = NO;
				SUPPORTS_MAC_DESIGNED_FOR_IPHONE_IPAD = NO;
				SUPPORTS_XR_DESIGNED_FOR_IPHONE_IPAD = NO;
				SWIFT_ACTIVE_COMPILATION_CONDITIONS = (
					"$(inherited)",
					DEBUG,
				);
				SWIFT_COMPILATION_MODE = singlefile;
				SWIFT_OPTIMIZATION_LEVEL = "-Onone";
				SWIFT_VERSION = 5.0;
				TARGETED_DEVICE_FAMILY = 1;
			};
			name = Debug;
		};
		C39ED48BDBD4CC79768B69CB /* Debug */ = {
			isa = XCBuildConfiguration;
			buildSettings = {
				ALWAYS_SEARCH_USER_PATHS = NO;
				CLANG_ANALYZER_LOCALIZABILITY_NONLOCALIZED = YES;
				CLANG_ANALYZER_NONNULL = YES;
				CLANG_ANALYZER_NUMBER_OBJECT_CONVERSION = YES_AGGRESSIVE;
				CLANG_CXX_LANGUAGE_STANDARD = "gnu++14";
				CLANG_CXX_LIBRARY = "libc++";
				CLANG_ENABLE_MODULES = YES;
				CLANG_ENABLE_OBJC_ARC = YES;
				CLANG_ENABLE_OBJC_WEAK = YES;
				CLANG_WARN_BLOCK_CAPTURE_AUTORELEASING = YES;
				CLANG_WARN_BOOL_CONVERSION = YES;
				CLANG_WARN_COMMA = YES;
				CLANG_WARN_CONSTANT_CONVERSION = YES;
				CLANG_WARN_DEPRECATED_OBJC_IMPLEMENTATIONS = YES;
				CLANG_WARN_DIRECT_OBJC_ISA_USAGE = YES_ERROR;
				CLANG_WARN_DOCUMENTATION_COMMENTS = YES;
				CLANG_WARN_EMPTY_BODY = YES;
				CLANG_WARN_ENUM_CONVERSION = YES;
				CLANG_WARN_INFINITE_RECURSION = YES;
				CLANG_WARN_INT_CONVERSION = YES;
				CLANG_WARN_NON_LITERAL_NULL_CONVERSION = YES;
				CLANG_WARN_OBJC_IMPLICIT_RETAIN_SELF = YES;
				CLANG_WARN_OBJC_LITERAL_CONVERSION = YES;
				CLANG_WARN_OBJC_ROOT_CLASS = YES_ERROR;
				CLANG_WARN_QUOTED_INCLUDE_IN_FRAMEWORK_HEADER = YES;
				CLANG_WARN_RANGE_LOOP_ANALYSIS = YES;
				CLANG_WARN_STRICT_PROTOTYPES = YES;
				CLANG_WARN_SUSPICIOUS_MOVE = YES;
				CLANG_WARN_UNGUARDED_AVAILABILITY = YES_AGGRESSIVE;
				CLANG_WARN_UNREACHABLE_CODE = YES;
				CLANG_WARN__DUPLICATE_METHOD_MATCH = YES;
				COPY_PHASE_STRIP = NO;
				DEAD_CODE_STRIPPING = YES;
				DEBUG_INFORMATION_FORMAT = dwarf;
				DEFINES_MODULE = YES;
				ENABLE_STRICT_OBJC_MSGSEND = YES;
				ENABLE_TESTABILITY = YES;
				GCC_C_LANGUAGE_STANDARD = gnu11;
				GCC_DYNAMIC_NO_PIC = NO;
				GCC_NO_COMMON_BLOCKS = YES;
				GCC_OPTIMIZATION_LEVEL = 0;
				GCC_PREPROCESSOR_DEFINITIONS = (
					"DEBUG=1",
					"$(inherited)",
				);
				GCC_WARN_64_TO_32_BIT_CONVERSION = YES;
				GCC_WARN_ABOUT_RETURN_TYPE = YES_ERROR;
				GCC_WARN_UNDECLARED_SELECTOR = YES;
				GCC_WARN_UNINITIALIZED_AUTOS = YES_AGGRESSIVE;
				GCC_WARN_UNUSED_FUNCTION = YES;
				GCC_WARN_UNUSED_VARIABLE = YES;
				IPHONEOS_DEPLOYMENT_TARGET = 17.0;
				MTL_ENABLE_DEBUG_INFO = YES;
				ONLY_ACTIVE_ARCH = YES;
				OTHER_LDFLAGS = "$(inherited) -ObjC";
				PRODUCT_NAME = "$(TARGET_NAME)";
				SWIFT_INSTALL_OBJC_HEADER = YES;
				SWIFT_OBJC_INTERFACE_HEADER_NAME = "$(PRODUCT_NAME)-Swift.h";
			};
			name = Debug;
		};
		E0F886C51F73FAF0E6B38FD7 /* Release */ = {
			isa = XCBuildConfiguration;
			buildSettings = {
				CODE_SIGN_IDENTITY = "";
				CURRENT_PROJECT_VERSION = 1;
				DEFINES_MODULE = YES;
				DYLIB_COMPATIBILITY_VERSION = 1;
				DYLIB_CURRENT_VERSION = 1;
				DYLIB_INSTALL_NAME_BASE = "@rpath";
				INFOPLIST_FILE = "Derived/InfoPlists/Data-Info.plist";
				INSTALL_PATH = "$(LOCAL_LIBRARY_DIR)/Frameworks";
				LD_RUNPATH_SEARCH_PATHS = (
					"$(inherited)",
					"@executable_path/Frameworks",
					"@loader_path/Frameworks",
				);
				PRODUCT_BUNDLE_IDENTIFIER = com.krwd.howaboutnow.data;
				PRODUCT_NAME = Data;
				SDKROOT = iphoneos;
				SKIP_INSTALL = YES;
				SUPPORTS_MACCATALYST = NO;
				SUPPORTS_MAC_DESIGNED_FOR_IPHONE_IPAD = NO;
				SUPPORTS_XR_DESIGNED_FOR_IPHONE_IPAD = NO;
				SWIFT_COMPILATION_MODE = wholemodule;
				SWIFT_OPTIMIZATION_LEVEL = "-Owholemodule";
				SWIFT_VERSION = 5.0;
				TARGETED_DEVICE_FAMILY = 1;
				VERSIONING_SYSTEM = "apple-generic";
				VERSION_INFO_PREFIX = "";
			};
			name = Release;
		};
		F91BF6851E34EA5ACE60192A /* Debug */ = {
			isa = XCBuildConfiguration;
			buildSettings = {
				CODE_SIGN_IDENTITY = "";
				CURRENT_PROJECT_VERSION = 1;
				DEFINES_MODULE = YES;
				DYLIB_COMPATIBILITY_VERSION = 1;
				DYLIB_CURRENT_VERSION = 1;
				DYLIB_INSTALL_NAME_BASE = "@rpath";
				INFOPLIST_FILE = "Derived/InfoPlists/Presentation-Info.plist";
				INSTALL_PATH = "$(LOCAL_LIBRARY_DIR)/Frameworks";
				LD_RUNPATH_SEARCH_PATHS = (
					"$(inherited)",
					"@executable_path/Frameworks",
					"@loader_path/Frameworks",
				);
				PRODUCT_BUNDLE_IDENTIFIER = com.krwd.howaboutnow.presentation;
				PRODUCT_NAME = Presentation;
				SDKROOT = iphoneos;
				SKIP_INSTALL = YES;
				SUPPORTS_MACCATALYST = NO;
				SUPPORTS_MAC_DESIGNED_FOR_IPHONE_IPAD = NO;
				SUPPORTS_XR_DESIGNED_FOR_IPHONE_IPAD = NO;
				SWIFT_ACTIVE_COMPILATION_CONDITIONS = (
					"$(inherited)",
					DEBUG,
				);
				SWIFT_COMPILATION_MODE = singlefile;
				SWIFT_OPTIMIZATION_LEVEL = "-Onone";
				SWIFT_VERSION = 5.0;
				TARGETED_DEVICE_FAMILY = 1;
				VERSIONING_SYSTEM = "apple-generic";
				VERSION_INFO_PREFIX = "";
			};
			name = Debug;
		};
/* End XCBuildConfiguration section */

/* Begin XCConfigurationList section */
		366DD896D173193C987BEC03 /* Build configuration list for PBXNativeTarget "HowAboutNow" */ = {
			isa = XCConfigurationList;
			buildConfigurations = (
				C041428D548CE7042F529B1D /* Debug */,
				75FEC05D3FFFD625158966B3 /* Release */,
			);
			defaultConfigurationIsVisible = 0;
			defaultConfigurationName = Release;
		};
		67FCE08F8F2C584DD6407238 /* Build configuration list for PBXNativeTarget "Data" */ = {
			isa = XCConfigurationList;
			buildConfigurations = (
				4529D36B11A7C9E09DC9E6F1 /* Debug */,
				E0F886C51F73FAF0E6B38FD7 /* Release */,
			);
			defaultConfigurationIsVisible = 0;
			defaultConfigurationName = Release;
		};
		8E3BC76F124DAEF770E38C82 /* Build configuration list for PBXNativeTarget "Domain" */ = {
			isa = XCConfigurationList;
			buildConfigurations = (
				8FFC2371360BF6C2D5948918 /* Debug */,
				304E234514F5B814F6E720F0 /* Release */,
			);
			defaultConfigurationIsVisible = 0;
			defaultConfigurationName = Release;
		};
		B9681A856921F00860C80C13 /* Build configuration list for PBXNativeTarget "Presentation" */ = {
			isa = XCConfigurationList;
			buildConfigurations = (
				F91BF6851E34EA5ACE60192A /* Debug */,
				8990DC60685981F4023A3FB0 /* Release */,
			);
			defaultConfigurationIsVisible = 0;
			defaultConfigurationName = Release;
		};
		C68EB2540CA791112451CAE6 /* Build configuration list for PBXProject "HowAboutNow" */ = {
			isa = XCConfigurationList;
			buildConfigurations = (
				C39ED48BDBD4CC79768B69CB /* Debug */,
				356AF1973214A8139F7AB0F0 /* Release */,
			);
			defaultConfigurationIsVisible = 0;
			defaultConfigurationName = Release;
		};
/* End XCConfigurationList section */

/* Begin XCRemoteSwiftPackageReference section */
		B6180B05909649A4D1297C09 /* XCRemoteSwiftPackageReference "firebase-ios-sdk" */ = {
			isa = XCRemoteSwiftPackageReference;
			repositoryURL = "https://github.com/firebase/firebase-ios-sdk.git";
			requirement = {
				kind = upToNextMajorVersion;
				minimumVersion = 11.6.0;
			};
		};
		E03E552E7C06D5B48CD9BF19 /* XCRemoteSwiftPackageReference "Alamofire" */ = {
			isa = XCRemoteSwiftPackageReference;
			repositoryURL = "https://github.com/Alamofire/Alamofire.git";
			requirement = {
				kind = upToNextMajorVersion;
				minimumVersion = 5.8.1;
			};
		};
/* End XCRemoteSwiftPackageReference section */

/* Begin XCSwiftPackageProductDependency section */
		4FD20BDE33692602CCCDACB7 /* FirebaseAnalytics */ = {
			isa = XCSwiftPackageProductDependency;
			productName = FirebaseAnalytics;
		};
		620D68098BB503E4DFEB8CC1 /* FirebaseCrashlytics */ = {
			isa = XCSwiftPackageProductDependency;
			productName = FirebaseCrashlytics;
		};
		90BF4128E6828519BA1700E0 /* Alamofire */ = {
			isa = XCSwiftPackageProductDependency;
			productName = Alamofire;
		};
		D85A01C8B045A48D6377E2C8 /* FirebaseFirestore */ = {
			isa = XCSwiftPackageProductDependency;
			productName = FirebaseFirestore;
		};
/* End XCSwiftPackageProductDependency section */
	};
	rootObject = A556E638B63C4160CFD291A1 /* Project object */;
}
